
Microsoft Visual Studio Solution File, Format Version 12.00
# Visual Studio Version 17
VisualStudioVersion = 17.7.34031.279
MinimumVisualStudioVersion = 10.0.40219.1
Project("{FAE04EC0-301F-11D3-BF4B-00C04F79EFBC}") = "LostNestQuestHost", "LostNestQuestHost\LostNestQuestHost.csproj", "{CAB1EFC0-F774-4926-904E-3E413FA2EAF6}"
EndProject
Global
	GlobalSection(SolutionConfigurationPlatforms) = preSolution
		Debug|Any CPU = Debug|Any CPU
		Release|Any CPU = Release|Any CPU
	EndGlobalSection
	GlobalSection(ProjectConfigurationPlatforms) = postSolution
		{CAB1EFC0-F774-4926-904E-3E413FA2EAF6}.Debug|Any CPU.ActiveCfg = Debug|Any CPU
		{CAB1EFC0-F774-4926-904E-3E413FA2EAF6}.Debug|Any CPU.Build.0 = Debug|Any CPU
		{CAB1EFC0-F774-4926-904E-3E413FA2EAF6}.Release|Any CPU.ActiveCfg = Release|Any CPU
		{CAB1EFC0-F774-4926-904E-3E413FA2EAF6}.Release|Any CPU.Build.0 = Release|Any CPU
	EndGlobalSection
	GlobalSection(SolutionProperties) = preSolution
		HideSolutionNode = FALSE
	EndGlobalSection
	GlobalSection(ExtensibilityGlobals) = postSolution
		SolutionGuid = {555F51D1-48B7-427A-AA4C-AE5180489809}
	EndGlobalSection
EndGlobal
